
Microsoft Visual Studio Solution File, Format Version 12.00
# Visual Studio Version 17
VisualStudioVersion = 17.4.33205.214
MinimumVisualStudioVersion = 10.0.40219.1
Project("{FAE04EC0-301F-11D3-BF4B-00C04F79EFBC}") = "task29", "task29\task29.csproj", "{20CF84B4-1ACA-4B12-916D-9EFF25DEE07B}"
EndProject
Global
	GlobalSection(SolutionConfigurationPlatforms) = preSolution
		Debug|Any CPU = Debug|Any CPU
		Release|Any CPU = Release|Any CPU
	EndGlobalSection
	GlobalSection(ProjectConfigurationPlatforms) = postSolution
		{20CF84B4-1ACA-4B12-916D-9EFF25DEE07B}.Debug|Any CPU.ActiveCfg = Debug|Any CPU
		{20CF84B4-1ACA-4B12-916D-9EFF25DEE07B}.Debug|Any CPU.Build.0 = Debug|Any CPU
		{20CF84B4-1ACA-4B12-916D-9EFF25DEE07B}.Release|Any CPU.ActiveCfg = Release|Any CPU
		{20CF84B4-1ACA-4B12-916D-9EFF25DEE07B}.Release|Any CPU.Build.0 = Release|Any CPU
	EndGlobalSection
	GlobalSection(SolutionProperties) = preSolution
		HideSolutionNode = FALSE
	EndGlobalSection
	GlobalSection(ExtensibilityGlobals) = postSolution
		SolutionGuid = {078DAA60-C476-4464-A3AF-DC22EBD26A49}
	EndGlobalSection
EndGlobal
